
Microsoft Visual Studio Solution File, Format Version 12.00
# Visual Studio 2013
VisualStudioVersion = 12.0.31101.0
MinimumVisualStudioVersion = 10.0.40219.1
Project("{FAE04EC0-301F-11D3-BF4B-00C04F79EFBC}") = "SecureNote.Xamarin", "SecureNote.Xamarin\SecureNote.Xamarin\SecureNote.Xamarin.csproj", "{AA2FF2B6-968B-41B1-BAD7-73F76C86E1E5}"
EndProject
Project("{FAE04EC0-301F-11D3-BF4B-00C04F79EFBC}") = "SecureNote.Xamarin.iOS", "SecureNote.Xamarin\SecureNote.Xamarin.iOS\SecureNote.Xamarin.iOS.csproj", "{DEFAC905-A141-4495-B03B-49705600FD0D}"
EndProject
Project("{FAE04EC0-301F-11D3-BF4B-00C04F79EFBC}") = "SecureNote.Xamarin.Droid", "SecureNote.Xamarin\SecureNote.Xamarin.Droid\SecureNote.Xamarin.Droid.csproj", "{FD693CA1-B2E6-4226-AA72-1833AFF1F519}"
EndProject
Project("{FAE04EC0-301F-11D3-BF4B-00C04F79EFBC}") = "SecureNote.Xamarin.WinPhone", "SecureNote.Xamarin\SecureNote.Xamarin.WinPhone\SecureNote.Xamarin.WinPhone.csproj", "{5BF2753D-BEE7-4FDA-A9E0-B28755056ED7}"
EndProject
Global
	GlobalSection(SolutionConfigurationPlatforms) = preSolution
		Ad-Hoc|Any CPU = Ad-Hoc|Any CPU
		Ad-Hoc|ARM = Ad-Hoc|ARM
		Ad-Hoc|iPhone = Ad-Hoc|iPhone
		Ad-Hoc|iPhoneSimulator = Ad-Hoc|iPhoneSimulator
		Ad-Hoc|Mixed Platforms = Ad-Hoc|Mixed Platforms
		Ad-Hoc|x86 = Ad-Hoc|x86
		AppStore|Any CPU = AppStore|Any CPU
		AppStore|ARM = AppStore|ARM
		AppStore|iPhone = AppStore|iPhone
		AppStore|iPhoneSimulator = AppStore|iPhoneSimulator
		AppStore|Mixed Platforms = AppStore|Mixed Platforms
		AppStore|x86 = AppStore|x86
		Debug|Any CPU = Debug|Any CPU
		Debug|ARM = Debug|ARM
		Debug|iPhone = Debug|iPhone
		Debug|iPhoneSimulator = Debug|iPhoneSimulator
		Debug|Mixed Platforms = Debug|Mixed Platforms
		Debug|x86 = Debug|x86
		Release|Any CPU = Release|Any CPU
		Release|ARM = Release|ARM
		Release|iPhone = Release|iPhone
		Release|iPhoneSimulator = Release|iPhoneSimulator
		Release|Mixed Platforms = Release|Mixed Platforms
		Release|x86 = Release|x86
	EndGlobalSection
	GlobalSection(ProjectConfigurationPlatforms) = postSolution
		{AA2FF2B6-968B-41B1-BAD7-73F76C86E1E5}.Ad-Hoc|Any CPU.ActiveCfg = Release|Any CPU
		{AA2FF2B6-968B-41B1-BAD7-73F76C86E1E5}.Ad-Hoc|Any CPU.Build.0 = Release|Any CPU
		{AA2FF2B6-968B-41B1-BAD7-73F76C86E1E5}.Ad-Hoc|ARM.ActiveCfg = Release|Any CPU
		{AA2FF2B6-968B-41B1-BAD7-73F76C86E1E5}.Ad-Hoc|iPhone.ActiveCfg = Release|Any CPU
		{AA2FF2B6-968B-41B1-BAD7-73F76C86E1E5}.Ad-Hoc|iPhoneSimulator.ActiveCfg = Release|Any CPU
		{AA2FF2B6-968B-41B1-BAD7-73F76C86E1E5}.Ad-Hoc|Mixed Platforms.ActiveCfg = Release|Any CPU
		{AA2FF2B6-968B-41B1-BAD7-73F76C86E1E5}.Ad-Hoc|Mixed Platforms.Build.0 = Release|Any CPU
		{AA2FF2B6-968B-41B1-BAD7-73F76C86E1E5}.Ad-Hoc|x86.ActiveCfg = Release|Any CPU
		{AA2FF2B6-968B-41B1-BAD7-73F76C86E1E5}.AppStore|Any CPU.ActiveCfg = Release|Any CPU
		{AA2FF2B6-968B-41B1-BAD7-73F76C86E1E5}.AppStore|Any CPU.Build.0 = Release|Any CPU
		{AA2FF2B6-968B-41B1-BAD7-73F76C86E1E5}.AppStore|ARM.ActiveCfg = Release|Any CPU
		{AA2FF2B6-968B-41B1-BAD7-73F76C86E1E5}.AppStore|iPhone.ActiveCfg = Release|Any CPU
		{AA2FF2B6-968B-41B1-BAD7-73F76C86E1E5}.AppStore|iPhoneSimulator.ActiveCfg = Release|Any CPU
		{AA2FF2B6-968B-41B1-BAD7-73F76C86E1E5}.AppStore|Mixed Platforms.ActiveCfg = Release|Any CPU
		{AA2FF2B6-968B-41B1-BAD7-73F76C86E1E5}.AppStore|Mixed Platforms.Build.0 = Release|Any CPU
		{AA2FF2B6-968B-41B1-BAD7-73F76C86E1E5}.AppStore|x86.ActiveCfg = Release|Any CPU
		{AA2FF2B6-968B-41B1-BAD7-73F76C86E1E5}.Debug|Any CPU.ActiveCfg = Debug|Any CPU
		{AA2FF2B6-968B-41B1-BAD7-73F76C86E1E5}.Debug|Any CPU.Build.0 = Debug|Any CPU
		{AA2FF2B6-968B-41B1-BAD7-73F76C86E1E5}.Debug|ARM.ActiveCfg = Debug|Any CPU
		{AA2FF2B6-968B-41B1-BAD7-73F76C86E1E5}.Debug|iPhone.ActiveCfg = Debug|Any CPU
		{AA2FF2B6-968B-41B1-BAD7-73F76C86E1E5}.Debug|iPhoneSimulator.ActiveCfg = Debug|Any CPU
		{AA2FF2B6-968B-41B1-BAD7-73F76C86E1E5}.Debug|Mixed Platforms.ActiveCfg = Debug|Any CPU
		{AA2FF2B6-968B-41B1-BAD7-73F76C86E1E5}.Debug|Mixed Platforms.Build.0 = Debug|Any CPU
		{AA2FF2B6-968B-41B1-BAD7-73F76C86E1E5}.Debug|x86.ActiveCfg = Debug|Any CPU
		{AA2FF2B6-968B-41B1-BAD7-73F76C86E1E5}.Release|Any CPU.ActiveCfg = Release|Any CPU
		{AA2FF2B6-968B-41B1-BAD7-73F76C86E1E5}.Release|Any CPU.Build.0 = Release|Any CPU
		{AA2FF2B6-968B-41B1-BAD7-73F76C86E1E5}.Release|ARM.ActiveCfg = Release|Any CPU
		{AA2FF2B6-968B-41B1-BAD7-73F76C86E1E5}.Release|iPhone.ActiveCfg = Release|Any CPU
		{AA2FF2B6-968B-41B1-BAD7-73F76C86E1E5}.Release|iPhoneSimulator.ActiveCfg = Release|Any CPU
		{AA2FF2B6-968B-41B1-BAD7-73F76C86E1E5}.Release|Mixed Platforms.ActiveCfg = Release|Any CPU
		{AA2FF2B6-968B-41B1-BAD7-73F76C86E1E5}.Release|Mixed Platforms.Build.0 = Release|Any CPU
		{AA2FF2B6-968B-41B1-BAD7-73F76C86E1E5}.Release|x86.ActiveCfg = Release|Any CPU
		{DEFAC905-A141-4495-B03B-49705600FD0D}.Ad-Hoc|Any CPU.ActiveCfg = Ad-Hoc|iPhone
		{DEFAC905-A141-4495-B03B-49705600FD0D}.Ad-Hoc|ARM.ActiveCfg = Ad-Hoc|iPhone
		{DEFAC905-A141-4495-B03B-49705600FD0D}.Ad-Hoc|iPhone.ActiveCfg = Ad-Hoc|iPhone
		{DEFAC905-A141-4495-B03B-49705600FD0D}.Ad-Hoc|iPhone.Build.0 = Ad-Hoc|iPhone
		{DEFAC905-A141-4495-B03B-49705600FD0D}.Ad-Hoc|iPhoneSimulator.ActiveCfg = Ad-Hoc|iPhoneSimulator
		{DEFAC905-A141-4495-B03B-49705600FD0D}.Ad-Hoc|iPhoneSimulator.Build.0 = Ad-Hoc|iPhoneSimulator
		{DEFAC905-A141-4495-B03B-49705600FD0D}.Ad-Hoc|Mixed Platforms.ActiveCfg = Ad-Hoc|iPhone
		{DEFAC905-A141-4495-B03B-49705600FD0D}.Ad-Hoc|Mixed Platforms.Build.0 = Ad-Hoc|iPhone
		{DEFAC905-A141-4495-B03B-49705600FD0D}.Ad-Hoc|x86.ActiveCfg = Ad-Hoc|iPhone
		{DEFAC905-A141-4495-B03B-49705600FD0D}.AppStore|Any CPU.ActiveCfg = AppStore|iPhone
		{DEFAC905-A141-4495-B03B-49705600FD0D}.AppStore|ARM.ActiveCfg = AppStore|iPhone
		{DEFAC905-A141-4495-B03B-49705600FD0D}.AppStore|iPhone.ActiveCfg = AppStore|iPhone
		{DEFAC905-A141-4495-B03B-49705600FD0D}.AppStore|iPhone.Build.0 = AppStore|iPhone
		{DEFAC905-A141-4495-B03B-49705600FD0D}.AppStore|iPhoneSimulator.ActiveCfg = AppStore|iPhoneSimulator
		{DEFAC905-A141-4495-B03B-49705600FD0D}.AppStore|iPhoneSimulator.Build.0 = AppStore|iPhoneSimulator
		{DEFAC905-A141-4495-B03B-49705600FD0D}.AppStore|Mixed Platforms.ActiveCfg = AppStore|iPhone
		{DEFAC905-A141-4495-B03B-49705600FD0D}.AppStore|Mixed Platforms.Build.0 = AppStore|iPhone
		{DEFAC905-A141-4495-B03B-49705600FD0D}.AppStore|x86.ActiveCfg = AppStore|iPhone
		{DEFAC905-A141-4495-B03B-49705600FD0D}.Debug|Any CPU.ActiveCfg = Debug|iPhone
		{DEFAC905-A141-4495-B03B-49705600FD0D}.Debug|ARM.ActiveCfg = Debug|iPhone
		{DEFAC905-A141-4495-B03B-49705600FD0D}.Debug|iPhone.ActiveCfg = Debug|iPhone
		{DEFAC905-A141-4495-B03B-49705600FD0D}.Debug|iPhone.Build.0 = Debug|iPhone
		{DEFAC905-A141-4495-B03B-49705600FD0D}.Debug|iPhoneSimulator.ActiveCfg = Debug|iPhoneSimulator
		{DEFAC905-A141-4495-B03B-49705600FD0D}.Debug|iPhoneSimulator.Build.0 = Debug|iPhoneSimulator
		{DEFAC905-A141-4495-B03B-49705600FD0D}.Debug|Mixed Platforms.ActiveCfg = Debug|iPhone
		{DEFAC905-A141-4495-B03B-49705600FD0D}.Debug|Mixed Platforms.Build.0 = Debug|iPhone
		{DEFAC905-A141-4495-B03B-49705600FD0D}.Debug|x86.ActiveCfg = Debug|iPhone
		{DEFAC905-A141-4495-B03B-49705600FD0D}.Release|Any CPU.ActiveCfg = Release|iPhone
		{DEFAC905-A141-4495-B03B-49705600FD0D}.Release|ARM.ActiveCfg = Release|iPhone
		{DEFAC905-A141-4495-B03B-49705600FD0D}.Release|iPhone.ActiveCfg = Release|iPhone
		{DEFAC905-A141-4495-B03B-49705600FD0D}.Release|iPhone.Build.0 = Release|iPhone
		{DEFAC905-A141-4495-B03B-49705600FD0D}.Release|iPhoneSimulator.ActiveCfg = Release|iPhoneSimulator
		{DEFAC905-A141-4495-B03B-49705600FD0D}.Release|iPhoneSimulator.Build.0 = Release|iPhoneSimulator
		{DEFAC905-A141-4495-B03B-49705600FD0D}.Release|Mixed Platforms.ActiveCfg = Release|iPhone
		{DEFAC905-A141-4495-B03B-49705600FD0D}.Release|Mixed Platforms.Build.0 = Release|iPhone
		{DEFAC905-A141-4495-B03B-49705600FD0D}.Release|x86.ActiveCfg = Release|iPhone
		{FD693CA1-B2E6-4226-AA72-1833AFF1F519}.Ad-Hoc|Any CPU.ActiveCfg = Release|Any CPU
		{FD693CA1-B2E6-4226-AA72-1833AFF1F519}.Ad-Hoc|Any CPU.Build.0 = Release|Any CPU
		{FD693CA1-B2E6-4226-AA72-1833AFF1F519}.Ad-Hoc|Any CPU.Deploy.0 = Release|Any CPU
		{FD693CA1-B2E6-4226-AA72-1833AFF1F519}.Ad-Hoc|ARM.ActiveCfg = Release|Any CPU
		{FD693CA1-B2E6-4226-AA72-1833AFF1F519}.Ad-Hoc|iPhone.ActiveCfg = Release|Any CPU
		{FD693CA1-B2E6-4226-AA72-1833AFF1F519}.Ad-Hoc|iPhoneSimulator.ActiveCfg = Release|Any CPU
		{FD693CA1-B2E6-4226-AA72-1833AFF1F519}.Ad-Hoc|Mixed Platforms.ActiveCfg = Release|Any CPU
		{FD693CA1-B2E6-4226-AA72-1833AFF1F519}.Ad-Hoc|Mixed Platforms.Build.0 = Release|Any CPU
		{FD693CA1-B2E6-4226-AA72-1833AFF1F519}.Ad-Hoc|Mixed Platforms.Deploy.0 = Release|Any CPU
		{FD693CA1-B2E6-4226-AA72-1833AFF1F519}.Ad-Hoc|x86.ActiveCfg = Release|Any CPU
		{FD693CA1-B2E6-4226-AA72-1833AFF1F519}.AppStore|Any CPU.ActiveCfg = Release|Any CPU
		{FD693CA1-B2E6-4226-AA72-1833AFF1F519}.AppStore|Any CPU.Build.0 = Release|Any CPU
		{FD693CA1-B2E6-4226-AA72-1833AFF1F519}.AppStore|Any CPU.Deploy.0 = Release|Any CPU
		{FD693CA1-B2E6-4226-AA72-1833AFF1F519}.AppStore|ARM.ActiveCfg = Release|Any CPU
		{FD693CA1-B2E6-4226-AA72-1833AFF1F519}.AppStore|iPhone.ActiveCfg = Release|Any CPU
		{FD693CA1-B2E6-4226-AA72-1833AFF1F519}.AppStore|iPhoneSimulator.ActiveCfg = Release|Any CPU
		{FD693CA1-B2E6-4226-AA72-1833AFF1F519}.AppStore|Mixed Platforms.ActiveCfg = Release|Any CPU
		{FD693CA1-B2E6-4226-AA72-1833AFF1F519}.AppStore|Mixed Platforms.Build.0 = Release|Any CPU
		{FD693CA1-B2E6-4226-AA72-1833AFF1F519}.AppStore|Mixed Platforms.Deploy.0 = Release|Any CPU
		{FD693CA1-B2E6-4226-AA72-1833AFF1F519}.AppStore|x86.ActiveCfg = Release|Any CPU
		{FD693CA1-B2E6-4226-AA72-1833AFF1F519}.Debug|Any CPU.ActiveCfg = Debug|Any CPU
		{FD693CA1-B2E6-4226-AA72-1833AFF1F519}.Debug|Any CPU.Build.0 = Debug|Any CPU
		{FD693CA1-B2E6-4226-AA72-1833AFF1F519}.Debug|Any CPU.Deploy.0 = Debug|Any CPU
		{FD693CA1-B2E6-4226-AA72-1833AFF1F519}.Debug|ARM.ActiveCfg = Debug|Any CPU
		{FD693CA1-B2E6-4226-AA72-1833AFF1F519}.Debug|iPhone.ActiveCfg = Debug|Any CPU
		{FD693CA1-B2E6-4226-AA72-1833AFF1F519}.Debug|iPhoneSimulator.ActiveCfg = Debug|Any CPU
		{FD693CA1-B2E6-4226-AA72-1833AFF1F519}.Debug|Mixed Platforms.ActiveCfg = Debug|Any CPU
		{FD693CA1-B2E6-4226-AA72-1833AFF1F519}.Debug|Mixed Platforms.Build.0 = Debug|Any CPU
		{FD693CA1-B2E6-4226-AA72-1833AFF1F519}.Debug|Mixed Platforms.Deploy.0 = Debug|Any CPU
		{FD693CA1-B2E6-4226-AA72-1833AFF1F519}.Debug|x86.ActiveCfg = Debug|Any CPU
		{FD693CA1-B2E6-4226-AA72-1833AFF1F519}.Release|Any CPU.ActiveCfg = Release|Any CPU
		{FD693CA1-B2E6-4226-AA72-1833AFF1F519}.Release|Any CPU.Build.0 = Release|Any CPU
		{FD693CA1-B2E6-4226-AA72-1833AFF1F519}.Release|Any CPU.Deploy.0 = Release|Any CPU
		{FD693CA1-B2E6-4226-AA72-1833AFF1F519}.Release|ARM.ActiveCfg = Release|Any CPU
		{FD693CA1-B2E6-4226-AA72-1833AFF1F519}.Release|iPhone.ActiveCfg = Release|Any CPU
		{FD693CA1-B2E6-4226-AA72-1833AFF1F519}.Release|iPhoneSimulator.ActiveCfg = Release|Any CPU
		{FD693CA1-B2E6-4226-AA72-1833AFF1F519}.Release|Mixed Platforms.ActiveCfg = Release|Any CPU
		{FD693CA1-B2E6-4226-AA72-1833AFF1F519}.Release|Mixed Platforms.Build.0 = Release|Any CPU
		{FD693CA1-B2E6-4226-AA72-1833AFF1F519}.Release|Mixed Platforms.Deploy.0 = Release|Any CPU
		{FD693CA1-B2E6-4226-AA72-1833AFF1F519}.Release|x86.ActiveCfg = Release|Any CPU
		{5BF2753D-BEE7-4FDA-A9E0-B28755056ED7}.Ad-Hoc|Any CPU.ActiveCfg = Release|Any CPU
		{5BF2753D-BEE7-4FDA-A9E0-B28755056ED7}.Ad-Hoc|Any CPU.Build.0 = Release|Any CPU
		{5BF2753D-BEE7-4FDA-A9E0-B28755056ED7}.Ad-Hoc|Any CPU.Deploy.0 = Release|Any CPU
		{5BF2753D-BEE7-4FDA-A9E0-B28755056ED7}.Ad-Hoc|ARM.ActiveCfg = Release|ARM
		{5BF2753D-BEE7-4FDA-A9E0-B28755056ED7}.Ad-Hoc|ARM.Build.0 = Release|ARM
		{5BF2753D-BEE7-4FDA-A9E0-B28755056ED7}.Ad-Hoc|ARM.Deploy.0 = Release|ARM
		{5BF2753D-BEE7-4FDA-A9E0-B28755056ED7}.Ad-Hoc|iPhone.ActiveCfg = Release|Any CPU
		{5BF2753D-BEE7-4FDA-A9E0-B28755056ED7}.Ad-Hoc|iPhoneSimulator.ActiveCfg = Release|Any CPU
		{5BF2753D-BEE7-4FDA-A9E0-B28755056ED7}.Ad-Hoc|Mixed Platforms.ActiveCfg = Release|x86
		{5BF2753D-BEE7-4FDA-A9E0-B28755056ED7}.Ad-Hoc|Mixed Platforms.Build.0 = Release|x86
		{5BF2753D-BEE7-4FDA-A9E0-B28755056ED7}.Ad-Hoc|Mixed Platforms.Deploy.0 = Release|x86
		{5BF2753D-BEE7-4FDA-A9E0-B28755056ED7}.Ad-Hoc|x86.ActiveCfg = Release|x86
		{5BF2753D-BEE7-4FDA-A9E0-B28755056ED7}.Ad-Hoc|x86.Build.0 = Release|x86
		{5BF2753D-BEE7-4FDA-A9E0-B28755056ED7}.Ad-Hoc|x86.Deploy.0 = Release|x86
		{5BF2753D-BEE7-4FDA-A9E0-B28755056ED7}.AppStore|Any CPU.ActiveCfg = Release|Any CPU
		{5BF2753D-BEE7-4FDA-A9E0-B28755056ED7}.AppStore|Any CPU.Build.0 = Release|Any CPU
		{5BF2753D-BEE7-4FDA-A9E0-B28755056ED7}.AppStore|Any CPU.Deploy.0 = Release|Any CPU
		{5BF2753D-BEE7-4FDA-A9E0-B28755056ED7}.AppStore|ARM.ActiveCfg = Release|ARM
		{5BF2753D-BEE7-4FDA-A9E0-B28755056ED7}.AppStore|ARM.Build.0 = Release|ARM
		{5BF2753D-BEE7-4FDA-A9E0-B28755056ED7}.AppStore|ARM.Deploy.0 = Release|ARM
		{5BF2753D-BEE7-4FDA-A9E0-B28755056ED7}.AppStore|iPhone.ActiveCfg = Release|Any CPU
		{5BF2753D-BEE7-4FDA-A9E0-B28755056ED7}.AppStore|iPhoneSimulator.ActiveCfg = Release|Any CPU
		{5BF2753D-BEE7-4FDA-A9E0-B28755056ED7}.AppStore|Mixed Platforms.ActiveCfg = Release|x86
		{5BF2753D-BEE7-4FDA-A9E0-B28755056ED7}.AppStore|Mixed Platforms.Build.0 = Release|x86
		{5BF2753D-BEE7-4FDA-A9E0-B28755056ED7}.AppStore|Mixed Platforms.Deploy.0 = Release|x86
		{5BF2753D-BEE7-4FDA-A9E0-B28755056ED7}.AppStore|x86.ActiveCfg = Release|x86
		{5BF2753D-BEE7-4FDA-A9E0-B28755056ED7}.AppStore|x86.Build.0 = Release|x86
		{5BF2753D-BEE7-4FDA-A9E0-B28755056ED7}.AppStore|x86.Deploy.0 = Release|x86
		{5BF2753D-BEE7-4FDA-A9E0-B28755056ED7}.Debug|Any CPU.ActiveCfg = Debug|Any CPU
		{5BF2753D-BEE7-4FDA-A9E0-B28755056ED7}.Debug|Any CPU.Build.0 = Debug|Any CPU
		{5BF2753D-BEE7-4FDA-A9E0-B28755056ED7}.Debug|Any CPU.Deploy.0 = Debug|Any CPU
		{5BF2753D-BEE7-4FDA-A9E0-B28755056ED7}.Debug|ARM.ActiveCfg = Debug|ARM
		{5BF2753D-BEE7-4FDA-A9E0-B28755056ED7}.Debug|ARM.Build.0 = Debug|ARM
		{5BF2753D-BEE7-4FDA-A9E0-B28755056ED7}.Debug|ARM.Deploy.0 = Debug|ARM
		{5BF2753D-BEE7-4FDA-A9E0-B28755056ED7}.Debug|iPhone.ActiveCfg = Debug|Any CPU
		{5BF2753D-BEE7-4FDA-A9E0-B28755056ED7}.Debug|iPhoneSimulator.ActiveCfg = Debug|Any CPU
		{5BF2753D-BEE7-4FDA-A9E0-B28755056ED7}.Debug|Mixed Platforms.ActiveCfg = Debug|x86
		{5BF2753D-BEE7-4FDA-A9E0-B28755056ED7}.Debug|Mixed Platforms.Build.0 = Debug|x86
		{5BF2753D-BEE7-4FDA-A9E0-B28755056ED7}.Debug|Mixed Platforms.Deploy.0 = Debug|x86
		{5BF2753D-BEE7-4FDA-A9E0-B28755056ED7}.Debug|x86.ActiveCfg = Debug|x86
		{5BF2753D-BEE7-4FDA-A9E0-B28755056ED7}.Debug|x86.Build.0 = Debug|x86
		{5BF2753D-BEE7-4FDA-A9E0-B28755056ED7}.Debug|x86.Deploy.0 = Debug|x86
		{5BF2753D-BEE7-4FDA-A9E0-B28755056ED7}.Release|Any CPU.ActiveCfg = Release|Any CPU
		{5BF2753D-BEE7-4FDA-A9E0-B28755056ED7}.Release|Any CPU.Build.0 = Release|Any CPU
		{5BF2753D-BEE7-4FDA-A9E0-B28755056ED7}.Release|Any CPU.Deploy.0 = Release|Any CPU
		{5BF2753D-BEE7-4FDA-A9E0-B28755056ED7}.Release|ARM.ActiveCfg = Release|ARM
		{5BF2753D-BEE7-4FDA-A9E0-B28755056ED7}.Release|ARM.Build.0 = Release|ARM
		{5BF2753D-BEE7-4FDA-A9E0-B28755056ED7}.Release|ARM.Deploy.0 = Release|ARM
		{5BF2753D-BEE7-4FDA-A9E0-B28755056ED7}.Release|iPhone.ActiveCfg = Release|Any CPU
		{5BF2753D-BEE7-4FDA-A9E0-B28755056ED7}.Release|iPhoneSimulator.ActiveCfg = Release|Any CPU
		{5BF2753D-BEE7-4FDA-A9E0-B28755056ED7}.Release|Mixed Platforms.ActiveCfg = Release|x86
		{5BF2753D-BEE7-4FDA-A9E0-B28755056ED7}.Release|Mixed Platforms.Build.0 = Release|x86
		{5BF2753D-BEE7-4FDA-A9E0-B28755056ED7}.Release|Mixed Platforms.Deploy.0 = Release|x86
		{5BF2753D-BEE7-4FDA-A9E0-B28755056ED7}.Release|x86.ActiveCfg = Release|x86
		{5BF2753D-BEE7-4FDA-A9E0-B28755056ED7}.Release|x86.Build.0 = Release|x86
		{5BF2753D-BEE7-4FDA-A9E0-B28755056ED7}.Release|x86.Deploy.0 = Release|x86
	EndGlobalSection
	GlobalSection(SolutionProperties) = preSolution
		HideSolutionNode = FALSE
	EndGlobalSection
EndGlobal
