
Microsoft Visual Studio Solution File, Format Version 12.00
# Visual Studio 2013
VisualStudioVersion = 12.0.31101.0
MinimumVisualStudioVersion = 10.0.40219.1
Project("{FAE04EC0-301F-11D3-BF4B-00C04F79EFBC}") = "SecureNote", "SecureNote\SecureNote\SecureNote.csproj", "{B218F55E-42FA-4C83-8D33-19BEDA9D3EAA}"
EndProject
Project("{FAE04EC0-301F-11D3-BF4B-00C04F79EFBC}") = "SecureNote.iOS", "SecureNote\SecureNote.iOS\SecureNote.iOS.csproj", "{C2AA083F-2C2F-4772-8311-8E6EC801EBF3}"
EndProject
Project("{FAE04EC0-301F-11D3-BF4B-00C04F79EFBC}") = "SecureNote.Droid", "SecureNote\SecureNote.Droid\SecureNote.Droid.csproj", "{1F682C30-F02F-46A0-B015-67FA390021E3}"
EndProject
Project("{FAE04EC0-301F-11D3-BF4B-00C04F79EFBC}") = "SecureNote.WinPhone", "SecureNote\SecureNote.WinPhone\SecureNote.WinPhone.csproj", "{95D9240E-EA5B-4B15-B2B4-D0CA6999781F}"
EndProject
Global
	GlobalSection(SolutionConfigurationPlatforms) = preSolution
		Ad-Hoc|Any CPU = Ad-Hoc|Any CPU
		Ad-Hoc|ARM = Ad-Hoc|ARM
		Ad-Hoc|iPhone = Ad-Hoc|iPhone
		Ad-Hoc|iPhoneSimulator = Ad-Hoc|iPhoneSimulator
		Ad-Hoc|Mixed Platforms = Ad-Hoc|Mixed Platforms
		Ad-Hoc|x86 = Ad-Hoc|x86
		AppStore|Any CPU = AppStore|Any CPU
		AppStore|ARM = AppStore|ARM
		AppStore|iPhone = AppStore|iPhone
		AppStore|iPhoneSimulator = AppStore|iPhoneSimulator
		AppStore|Mixed Platforms = AppStore|Mixed Platforms
		AppStore|x86 = AppStore|x86
		Debug|Any CPU = Debug|Any CPU
		Debug|ARM = Debug|ARM
		Debug|iPhone = Debug|iPhone
		Debug|iPhoneSimulator = Debug|iPhoneSimulator
		Debug|Mixed Platforms = Debug|Mixed Platforms
		Debug|x86 = Debug|x86
		Release|Any CPU = Release|Any CPU
		Release|ARM = Release|ARM
		Release|iPhone = Release|iPhone
		Release|iPhoneSimulator = Release|iPhoneSimulator
		Release|Mixed Platforms = Release|Mixed Platforms
		Release|x86 = Release|x86
	EndGlobalSection
	GlobalSection(ProjectConfigurationPlatforms) = postSolution
		{B218F55E-42FA-4C83-8D33-19BEDA9D3EAA}.Ad-Hoc|Any CPU.ActiveCfg = Release|Any CPU
		{B218F55E-42FA-4C83-8D33-19BEDA9D3EAA}.Ad-Hoc|Any CPU.Build.0 = Release|Any CPU
		{B218F55E-42FA-4C83-8D33-19BEDA9D3EAA}.Ad-Hoc|ARM.ActiveCfg = Release|Any CPU
		{B218F55E-42FA-4C83-8D33-19BEDA9D3EAA}.Ad-Hoc|iPhone.ActiveCfg = Release|Any CPU
		{B218F55E-42FA-4C83-8D33-19BEDA9D3EAA}.Ad-Hoc|iPhoneSimulator.ActiveCfg = Release|Any CPU
		{B218F55E-42FA-4C83-8D33-19BEDA9D3EAA}.Ad-Hoc|Mixed Platforms.ActiveCfg = Release|Any CPU
		{B218F55E-42FA-4C83-8D33-19BEDA9D3EAA}.Ad-Hoc|Mixed Platforms.Build.0 = Release|Any CPU
		{B218F55E-42FA-4C83-8D33-19BEDA9D3EAA}.Ad-Hoc|x86.ActiveCfg = Release|Any CPU
		{B218F55E-42FA-4C83-8D33-19BEDA9D3EAA}.AppStore|Any CPU.ActiveCfg = Release|Any CPU
		{B218F55E-42FA-4C83-8D33-19BEDA9D3EAA}.AppStore|Any CPU.Build.0 = Release|Any CPU
		{B218F55E-42FA-4C83-8D33-19BEDA9D3EAA}.AppStore|ARM.ActiveCfg = Release|Any CPU
		{B218F55E-42FA-4C83-8D33-19BEDA9D3EAA}.AppStore|iPhone.ActiveCfg = Release|Any CPU
		{B218F55E-42FA-4C83-8D33-19BEDA9D3EAA}.AppStore|iPhoneSimulator.ActiveCfg = Release|Any CPU
		{B218F55E-42FA-4C83-8D33-19BEDA9D3EAA}.AppStore|Mixed Platforms.ActiveCfg = Release|Any CPU
		{B218F55E-42FA-4C83-8D33-19BEDA9D3EAA}.AppStore|Mixed Platforms.Build.0 = Release|Any CPU
		{B218F55E-42FA-4C83-8D33-19BEDA9D3EAA}.AppStore|x86.ActiveCfg = Release|Any CPU
		{B218F55E-42FA-4C83-8D33-19BEDA9D3EAA}.Debug|Any CPU.ActiveCfg = Debug|Any CPU
		{B218F55E-42FA-4C83-8D33-19BEDA9D3EAA}.Debug|Any CPU.Build.0 = Debug|Any CPU
		{B218F55E-42FA-4C83-8D33-19BEDA9D3EAA}.Debug|ARM.ActiveCfg = Debug|Any CPU
		{B218F55E-42FA-4C83-8D33-19BEDA9D3EAA}.Debug|iPhone.ActiveCfg = Debug|Any CPU
		{B218F55E-42FA-4C83-8D33-19BEDA9D3EAA}.Debug|iPhoneSimulator.ActiveCfg = Debug|Any CPU
		{B218F55E-42FA-4C83-8D33-19BEDA9D3EAA}.Debug|Mixed Platforms.ActiveCfg = Debug|Any CPU
		{B218F55E-42FA-4C83-8D33-19BEDA9D3EAA}.Debug|Mixed Platforms.Build.0 = Debug|Any CPU
		{B218F55E-42FA-4C83-8D33-19BEDA9D3EAA}.Debug|x86.ActiveCfg = Debug|Any CPU
		{B218F55E-42FA-4C83-8D33-19BEDA9D3EAA}.Release|Any CPU.ActiveCfg = Release|Any CPU
		{B218F55E-42FA-4C83-8D33-19BEDA9D3EAA}.Release|Any CPU.Build.0 = Release|Any CPU
		{B218F55E-42FA-4C83-8D33-19BEDA9D3EAA}.Release|ARM.ActiveCfg = Release|Any CPU
		{B218F55E-42FA-4C83-8D33-19BEDA9D3EAA}.Release|iPhone.ActiveCfg = Release|Any CPU
		{B218F55E-42FA-4C83-8D33-19BEDA9D3EAA}.Release|iPhoneSimulator.ActiveCfg = Release|Any CPU
		{B218F55E-42FA-4C83-8D33-19BEDA9D3EAA}.Release|Mixed Platforms.ActiveCfg = Release|Any CPU
		{B218F55E-42FA-4C83-8D33-19BEDA9D3EAA}.Release|Mixed Platforms.Build.0 = Release|Any CPU
		{B218F55E-42FA-4C83-8D33-19BEDA9D3EAA}.Release|x86.ActiveCfg = Release|Any CPU
		{C2AA083F-2C2F-4772-8311-8E6EC801EBF3}.Ad-Hoc|Any CPU.ActiveCfg = Ad-Hoc|iPhone
		{C2AA083F-2C2F-4772-8311-8E6EC801EBF3}.Ad-Hoc|ARM.ActiveCfg = Ad-Hoc|iPhone
		{C2AA083F-2C2F-4772-8311-8E6EC801EBF3}.Ad-Hoc|iPhone.ActiveCfg = Ad-Hoc|iPhone
		{C2AA083F-2C2F-4772-8311-8E6EC801EBF3}.Ad-Hoc|iPhone.Build.0 = Ad-Hoc|iPhone
		{C2AA083F-2C2F-4772-8311-8E6EC801EBF3}.Ad-Hoc|iPhoneSimulator.ActiveCfg = Ad-Hoc|iPhoneSimulator
		{C2AA083F-2C2F-4772-8311-8E6EC801EBF3}.Ad-Hoc|iPhoneSimulator.Build.0 = Ad-Hoc|iPhoneSimulator
		{C2AA083F-2C2F-4772-8311-8E6EC801EBF3}.Ad-Hoc|Mixed Platforms.ActiveCfg = Ad-Hoc|iPhone
		{C2AA083F-2C2F-4772-8311-8E6EC801EBF3}.Ad-Hoc|Mixed Platforms.Build.0 = Ad-Hoc|iPhone
		{C2AA083F-2C2F-4772-8311-8E6EC801EBF3}.Ad-Hoc|x86.ActiveCfg = Ad-Hoc|iPhone
		{C2AA083F-2C2F-4772-8311-8E6EC801EBF3}.AppStore|Any CPU.ActiveCfg = AppStore|iPhone
		{C2AA083F-2C2F-4772-8311-8E6EC801EBF3}.AppStore|ARM.ActiveCfg = AppStore|iPhone
		{C2AA083F-2C2F-4772-8311-8E6EC801EBF3}.AppStore|iPhone.ActiveCfg = AppStore|iPhone
		{C2AA083F-2C2F-4772-8311-8E6EC801EBF3}.AppStore|iPhone.Build.0 = AppStore|iPhone
		{C2AA083F-2C2F-4772-8311-8E6EC801EBF3}.AppStore|iPhoneSimulator.ActiveCfg = AppStore|iPhoneSimulator
		{C2AA083F-2C2F-4772-8311-8E6EC801EBF3}.AppStore|iPhoneSimulator.Build.0 = AppStore|iPhoneSimulator
		{C2AA083F-2C2F-4772-8311-8E6EC801EBF3}.AppStore|Mixed Platforms.ActiveCfg = AppStore|iPhone
		{C2AA083F-2C2F-4772-8311-8E6EC801EBF3}.AppStore|Mixed Platforms.Build.0 = AppStore|iPhone
		{C2AA083F-2C2F-4772-8311-8E6EC801EBF3}.AppStore|x86.ActiveCfg = AppStore|iPhone
		{C2AA083F-2C2F-4772-8311-8E6EC801EBF3}.Debug|Any CPU.ActiveCfg = Debug|iPhone
		{C2AA083F-2C2F-4772-8311-8E6EC801EBF3}.Debug|ARM.ActiveCfg = Debug|iPhone
		{C2AA083F-2C2F-4772-8311-8E6EC801EBF3}.Debug|iPhone.ActiveCfg = Debug|iPhone
		{C2AA083F-2C2F-4772-8311-8E6EC801EBF3}.Debug|iPhone.Build.0 = Debug|iPhone
		{C2AA083F-2C2F-4772-8311-8E6EC801EBF3}.Debug|iPhoneSimulator.ActiveCfg = Debug|iPhoneSimulator
		{C2AA083F-2C2F-4772-8311-8E6EC801EBF3}.Debug|iPhoneSimulator.Build.0 = Debug|iPhoneSimulator
		{C2AA083F-2C2F-4772-8311-8E6EC801EBF3}.Debug|Mixed Platforms.ActiveCfg = Debug|iPhone
		{C2AA083F-2C2F-4772-8311-8E6EC801EBF3}.Debug|Mixed Platforms.Build.0 = Debug|iPhone
		{C2AA083F-2C2F-4772-8311-8E6EC801EBF3}.Debug|x86.ActiveCfg = Debug|iPhone
		{C2AA083F-2C2F-4772-8311-8E6EC801EBF3}.Release|Any CPU.ActiveCfg = Release|iPhone
		{C2AA083F-2C2F-4772-8311-8E6EC801EBF3}.Release|ARM.ActiveCfg = Release|iPhone
		{C2AA083F-2C2F-4772-8311-8E6EC801EBF3}.Release|iPhone.ActiveCfg = Release|iPhone
		{C2AA083F-2C2F-4772-8311-8E6EC801EBF3}.Release|iPhone.Build.0 = Release|iPhone
		{C2AA083F-2C2F-4772-8311-8E6EC801EBF3}.Release|iPhoneSimulator.ActiveCfg = Release|iPhoneSimulator
		{C2AA083F-2C2F-4772-8311-8E6EC801EBF3}.Release|iPhoneSimulator.Build.0 = Release|iPhoneSimulator
		{C2AA083F-2C2F-4772-8311-8E6EC801EBF3}.Release|Mixed Platforms.ActiveCfg = Release|iPhone
		{C2AA083F-2C2F-4772-8311-8E6EC801EBF3}.Release|Mixed Platforms.Build.0 = Release|iPhone
		{C2AA083F-2C2F-4772-8311-8E6EC801EBF3}.Release|x86.ActiveCfg = Release|iPhone
		{1F682C30-F02F-46A0-B015-67FA390021E3}.Ad-Hoc|Any CPU.ActiveCfg = Release|Any CPU
		{1F682C30-F02F-46A0-B015-67FA390021E3}.Ad-Hoc|Any CPU.Build.0 = Release|Any CPU
		{1F682C30-F02F-46A0-B015-67FA390021E3}.Ad-Hoc|Any CPU.Deploy.0 = Release|Any CPU
		{1F682C30-F02F-46A0-B015-67FA390021E3}.Ad-Hoc|ARM.ActiveCfg = Release|Any CPU
		{1F682C30-F02F-46A0-B015-67FA390021E3}.Ad-Hoc|iPhone.ActiveCfg = Release|Any CPU
		{1F682C30-F02F-46A0-B015-67FA390021E3}.Ad-Hoc|iPhoneSimulator.ActiveCfg = Release|Any CPU
		{1F682C30-F02F-46A0-B015-67FA390021E3}.Ad-Hoc|Mixed Platforms.ActiveCfg = Release|Any CPU
		{1F682C30-F02F-46A0-B015-67FA390021E3}.Ad-Hoc|Mixed Platforms.Build.0 = Release|Any CPU
		{1F682C30-F02F-46A0-B015-67FA390021E3}.Ad-Hoc|Mixed Platforms.Deploy.0 = Release|Any CPU
		{1F682C30-F02F-46A0-B015-67FA390021E3}.Ad-Hoc|x86.ActiveCfg = Release|Any CPU
		{1F682C30-F02F-46A0-B015-67FA390021E3}.AppStore|Any CPU.ActiveCfg = Release|Any CPU
		{1F682C30-F02F-46A0-B015-67FA390021E3}.AppStore|Any CPU.Build.0 = Release|Any CPU
		{1F682C30-F02F-46A0-B015-67FA390021E3}.AppStore|Any CPU.Deploy.0 = Release|Any CPU
		{1F682C30-F02F-46A0-B015-67FA390021E3}.AppStore|ARM.ActiveCfg = Release|Any CPU
		{1F682C30-F02F-46A0-B015-67FA390021E3}.AppStore|iPhone.ActiveCfg = Release|Any CPU
		{1F682C30-F02F-46A0-B015-67FA390021E3}.AppStore|iPhoneSimulator.ActiveCfg = Release|Any CPU
		{1F682C30-F02F-46A0-B015-67FA390021E3}.AppStore|Mixed Platforms.ActiveCfg = Release|Any CPU
		{1F682C30-F02F-46A0-B015-67FA390021E3}.AppStore|Mixed Platforms.Build.0 = Release|Any CPU
		{1F682C30-F02F-46A0-B015-67FA390021E3}.AppStore|Mixed Platforms.Deploy.0 = Release|Any CPU
		{1F682C30-F02F-46A0-B015-67FA390021E3}.AppStore|x86.ActiveCfg = Release|Any CPU
		{1F682C30-F02F-46A0-B015-67FA390021E3}.Debug|Any CPU.ActiveCfg = Debug|Any CPU
		{1F682C30-F02F-46A0-B015-67FA390021E3}.Debug|Any CPU.Build.0 = Debug|Any CPU
		{1F682C30-F02F-46A0-B015-67FA390021E3}.Debug|Any CPU.Deploy.0 = Debug|Any CPU
		{1F682C30-F02F-46A0-B015-67FA390021E3}.Debug|ARM.ActiveCfg = Debug|Any CPU
		{1F682C30-F02F-46A0-B015-67FA390021E3}.Debug|iPhone.ActiveCfg = Debug|Any CPU
		{1F682C30-F02F-46A0-B015-67FA390021E3}.Debug|iPhoneSimulator.ActiveCfg = Debug|Any CPU
		{1F682C30-F02F-46A0-B015-67FA390021E3}.Debug|Mixed Platforms.ActiveCfg = Debug|Any CPU
		{1F682C30-F02F-46A0-B015-67FA390021E3}.Debug|Mixed Platforms.Build.0 = Debug|Any CPU
		{1F682C30-F02F-46A0-B015-67FA390021E3}.Debug|Mixed Platforms.Deploy.0 = Debug|Any CPU
		{1F682C30-F02F-46A0-B015-67FA390021E3}.Debug|x86.ActiveCfg = Debug|Any CPU
		{1F682C30-F02F-46A0-B015-67FA390021E3}.Release|Any CPU.ActiveCfg = Release|Any CPU
		{1F682C30-F02F-46A0-B015-67FA390021E3}.Release|Any CPU.Build.0 = Release|Any CPU
		{1F682C30-F02F-46A0-B015-67FA390021E3}.Release|Any CPU.Deploy.0 = Release|Any CPU
		{1F682C30-F02F-46A0-B015-67FA390021E3}.Release|ARM.ActiveCfg = Release|Any CPU
		{1F682C30-F02F-46A0-B015-67FA390021E3}.Release|iPhone.ActiveCfg = Release|Any CPU
		{1F682C30-F02F-46A0-B015-67FA390021E3}.Release|iPhoneSimulator.ActiveCfg = Release|Any CPU
		{1F682C30-F02F-46A0-B015-67FA390021E3}.Release|Mixed Platforms.ActiveCfg = Release|Any CPU
		{1F682C30-F02F-46A0-B015-67FA390021E3}.Release|Mixed Platforms.Build.0 = Release|Any CPU
		{1F682C30-F02F-46A0-B015-67FA390021E3}.Release|Mixed Platforms.Deploy.0 = Release|Any CPU
		{1F682C30-F02F-46A0-B015-67FA390021E3}.Release|x86.ActiveCfg = Release|Any CPU
		{95D9240E-EA5B-4B15-B2B4-D0CA6999781F}.Ad-Hoc|Any CPU.ActiveCfg = Release|Any CPU
		{95D9240E-EA5B-4B15-B2B4-D0CA6999781F}.Ad-Hoc|Any CPU.Build.0 = Release|Any CPU
		{95D9240E-EA5B-4B15-B2B4-D0CA6999781F}.Ad-Hoc|Any CPU.Deploy.0 = Release|Any CPU
		{95D9240E-EA5B-4B15-B2B4-D0CA6999781F}.Ad-Hoc|ARM.ActiveCfg = Release|ARM
		{95D9240E-EA5B-4B15-B2B4-D0CA6999781F}.Ad-Hoc|ARM.Build.0 = Release|ARM
		{95D9240E-EA5B-4B15-B2B4-D0CA6999781F}.Ad-Hoc|ARM.Deploy.0 = Release|ARM
		{95D9240E-EA5B-4B15-B2B4-D0CA6999781F}.Ad-Hoc|iPhone.ActiveCfg = Release|Any CPU
		{95D9240E-EA5B-4B15-B2B4-D0CA6999781F}.Ad-Hoc|iPhoneSimulator.ActiveCfg = Release|Any CPU
		{95D9240E-EA5B-4B15-B2B4-D0CA6999781F}.Ad-Hoc|Mixed Platforms.ActiveCfg = Release|x86
		{95D9240E-EA5B-4B15-B2B4-D0CA6999781F}.Ad-Hoc|Mixed Platforms.Build.0 = Release|x86
		{95D9240E-EA5B-4B15-B2B4-D0CA6999781F}.Ad-Hoc|Mixed Platforms.Deploy.0 = Release|x86
		{95D9240E-EA5B-4B15-B2B4-D0CA6999781F}.Ad-Hoc|x86.ActiveCfg = Release|x86
		{95D9240E-EA5B-4B15-B2B4-D0CA6999781F}.Ad-Hoc|x86.Build.0 = Release|x86
		{95D9240E-EA5B-4B15-B2B4-D0CA6999781F}.Ad-Hoc|x86.Deploy.0 = Release|x86
		{95D9240E-EA5B-4B15-B2B4-D0CA6999781F}.AppStore|Any CPU.ActiveCfg = Release|Any CPU
		{95D9240E-EA5B-4B15-B2B4-D0CA6999781F}.AppStore|Any CPU.Build.0 = Release|Any CPU
		{95D9240E-EA5B-4B15-B2B4-D0CA6999781F}.AppStore|Any CPU.Deploy.0 = Release|Any CPU
		{95D9240E-EA5B-4B15-B2B4-D0CA6999781F}.AppStore|ARM.ActiveCfg = Release|ARM
		{95D9240E-EA5B-4B15-B2B4-D0CA6999781F}.AppStore|ARM.Build.0 = Release|ARM
		{95D9240E-EA5B-4B15-B2B4-D0CA6999781F}.AppStore|ARM.Deploy.0 = Release|ARM
		{95D9240E-EA5B-4B15-B2B4-D0CA6999781F}.AppStore|iPhone.ActiveCfg = Release|Any CPU
		{95D9240E-EA5B-4B15-B2B4-D0CA6999781F}.AppStore|iPhoneSimulator.ActiveCfg = Release|Any CPU
		{95D9240E-EA5B-4B15-B2B4-D0CA6999781F}.AppStore|Mixed Platforms.ActiveCfg = Release|x86
		{95D9240E-EA5B-4B15-B2B4-D0CA6999781F}.AppStore|Mixed Platforms.Build.0 = Release|x86
		{95D9240E-EA5B-4B15-B2B4-D0CA6999781F}.AppStore|Mixed Platforms.Deploy.0 = Release|x86
		{95D9240E-EA5B-4B15-B2B4-D0CA6999781F}.AppStore|x86.ActiveCfg = Release|x86
		{95D9240E-EA5B-4B15-B2B4-D0CA6999781F}.AppStore|x86.Build.0 = Release|x86
		{95D9240E-EA5B-4B15-B2B4-D0CA6999781F}.AppStore|x86.Deploy.0 = Release|x86
		{95D9240E-EA5B-4B15-B2B4-D0CA6999781F}.Debug|Any CPU.ActiveCfg = Debug|Any CPU
		{95D9240E-EA5B-4B15-B2B4-D0CA6999781F}.Debug|Any CPU.Build.0 = Debug|Any CPU
		{95D9240E-EA5B-4B15-B2B4-D0CA6999781F}.Debug|Any CPU.Deploy.0 = Debug|Any CPU
		{95D9240E-EA5B-4B15-B2B4-D0CA6999781F}.Debug|ARM.ActiveCfg = Debug|ARM
		{95D9240E-EA5B-4B15-B2B4-D0CA6999781F}.Debug|ARM.Build.0 = Debug|ARM
		{95D9240E-EA5B-4B15-B2B4-D0CA6999781F}.Debug|ARM.Deploy.0 = Debug|ARM
		{95D9240E-EA5B-4B15-B2B4-D0CA6999781F}.Debug|iPhone.ActiveCfg = Debug|Any CPU
		{95D9240E-EA5B-4B15-B2B4-D0CA6999781F}.Debug|iPhoneSimulator.ActiveCfg = Debug|Any CPU
		{95D9240E-EA5B-4B15-B2B4-D0CA6999781F}.Debug|Mixed Platforms.ActiveCfg = Debug|x86
		{95D9240E-EA5B-4B15-B2B4-D0CA6999781F}.Debug|Mixed Platforms.Build.0 = Debug|x86
		{95D9240E-EA5B-4B15-B2B4-D0CA6999781F}.Debug|Mixed Platforms.Deploy.0 = Debug|x86
		{95D9240E-EA5B-4B15-B2B4-D0CA6999781F}.Debug|x86.ActiveCfg = Debug|x86
		{95D9240E-EA5B-4B15-B2B4-D0CA6999781F}.Debug|x86.Build.0 = Debug|x86
		{95D9240E-EA5B-4B15-B2B4-D0CA6999781F}.Debug|x86.Deploy.0 = Debug|x86
		{95D9240E-EA5B-4B15-B2B4-D0CA6999781F}.Release|Any CPU.ActiveCfg = Release|Any CPU
		{95D9240E-EA5B-4B15-B2B4-D0CA6999781F}.Release|Any CPU.Build.0 = Release|Any CPU
		{95D9240E-EA5B-4B15-B2B4-D0CA6999781F}.Release|Any CPU.Deploy.0 = Release|Any CPU
		{95D9240E-EA5B-4B15-B2B4-D0CA6999781F}.Release|ARM.ActiveCfg = Release|ARM
		{95D9240E-EA5B-4B15-B2B4-D0CA6999781F}.Release|ARM.Build.0 = Release|ARM
		{95D9240E-EA5B-4B15-B2B4-D0CA6999781F}.Release|ARM.Deploy.0 = Release|ARM
		{95D9240E-EA5B-4B15-B2B4-D0CA6999781F}.Release|iPhone.ActiveCfg = Release|Any CPU
		{95D9240E-EA5B-4B15-B2B4-D0CA6999781F}.Release|iPhoneSimulator.ActiveCfg = Release|Any CPU
		{95D9240E-EA5B-4B15-B2B4-D0CA6999781F}.Release|Mixed Platforms.ActiveCfg = Release|x86
		{95D9240E-EA5B-4B15-B2B4-D0CA6999781F}.Release|Mixed Platforms.Build.0 = Release|x86
		{95D9240E-EA5B-4B15-B2B4-D0CA6999781F}.Release|Mixed Platforms.Deploy.0 = Release|x86
		{95D9240E-EA5B-4B15-B2B4-D0CA6999781F}.Release|x86.ActiveCfg = Release|x86
		{95D9240E-EA5B-4B15-B2B4-D0CA6999781F}.Release|x86.Build.0 = Release|x86
		{95D9240E-EA5B-4B15-B2B4-D0CA6999781F}.Release|x86.Deploy.0 = Release|x86
	EndGlobalSection
	GlobalSection(SolutionProperties) = preSolution
		HideSolutionNode = FALSE
	EndGlobalSection
EndGlobal
